PODS:
  - AFNetworking (1.1.0)
  - Base64 (1.0.1)
  - CAManagers:
    - Base64 (= 1.0.1)
    - EasyMapping (= 0.4.3)
    - FormatterKit (= 1.2.0)
    - LRResty (= 0.11.0)
    - RestKit (= 0.20.0)
  - EasyMapping (0.4.3)
  - FormatterKit (1.2.0):
    - FormatterKit/AddressFormatter
    - FormatterKit/ArrayFormatter
    - FormatterKit/LocationFormatter
    - FormatterKit/OrdinalNumberFormatter
    - FormatterKit/TimeIntervalFormatter
    - FormatterKit/UnitOfInformationFormatter
    - FormatterKit/URLRequestFormatter
  - FormatterKit/AddressFormatter (1.2.0)
  - FormatterKit/ArrayFormatter (1.2.0)
  - FormatterKit/LocationFormatter (1.2.0)
  - FormatterKit/OrdinalNumberFormatter (1.2.0)
  - FormatterKit/TimeIntervalFormatter (1.2.0)
  - FormatterKit/UnitOfInformationFormatter (1.2.0)
  - FormatterKit/URLRequestFormatter (1.2.0)
  - LRResty (0.11.0):
    - NSData+Base64 (~> 1.0)
  - NSData+Base64 (1.0.0)
  - RestKit (0.20.0):
    - RestKit/Core
  - RestKit/Core (0.20.0):
    - RestKit/CoreData
    - RestKit/Network
    - RestKit/ObjectMapping
  - RestKit/CoreData (0.20.0)
  - RestKit/Network (0.20.0):
    - AFNetworking (= 1.1.0)
    - RestKit/ObjectMapping
    - RestKit/Support
    - SOCKit
  - RestKit/ObjectMapping (0.20.0)
  - RestKit/Support (0.20.0)
  - SOCKit (1.1)

DEPENDENCIES:
  - CAManagers (from `https://raw.github.com/BrandyMint/CA-managers-lib/pod_managers/CAManagersLib/CAManagers.podspec`)

EXTERNAL SOURCES:
  CAManagers:
    :podspec: https://raw.github.com/BrandyMint/CA-managers-lib/pod_managers/CAManagersLib/CAManagers.podspec

SPEC CHECKSUMS:
  AFNetworking: 761a418233d280c1e0580bcb76ff9cb4c3073d17
  Base64: eaac9f2088ba659c5db1db960576eb0f2969ebaf
  CAManagers: 1e9024c69637f9175915ea823af0cc99ae611ebb
  EasyMapping: 3e88693897ea2d9222ad8e80498f2e4110a577a3
  FormatterKit: 36ec675a04c546948521a4ee3ddb233d17c87a3a
  LRResty: 5e4c1b91bc5f878d64e965facd5cc9320b9ed3e2
  NSData+Base64: 36c4e5b6479259c1a68866ccd2a8dd385c9744f7
  RestKit: 580771664a14eaaa40bf53cf83584f12fc141930
  SOCKit: 2f3bc4d07910de12dcc202815e07db68a3802581

COCOAPODS: 0.19.1
