// !$*UTF8*$!
{
	archiveVersion = 1;
	classes = {
	};
	objectVersion = 46;
	objects = {

/* Begin PBXBuildFile section */
		4EFF6411187D4914AD49B6AB /* libPods.a in Frameworks */ = {isa = PBXBuildFile; fileRef = BA2E1A6A65D2466D8633684C /* libPods.a */; };
		7C16A2AE17A648290055FF8F /* UIKit.framework in Frameworks */ = {isa = PBXBuildFile; fileRef = 7C16A2AD17A648290055FF8F /* UIKit.framework */; };
		7C16A2B017A648290055FF8F /* Foundation.framework in Frameworks */ = {isa = PBXBuildFile; fileRef = 7C16A2AF17A648290055FF8F /* Foundation.framework */; };
		7C16A2B217A648290055FF8F /* CoreGraphics.framework in Frameworks */ = {isa = PBXBuildFile; fileRef = 7C16A2B117A648290055FF8F /* CoreGraphics.framework */; };
		7C16A2B417A648290055FF8F /* CoreData.framework in Frameworks */ = {isa = PBXBuildFile; fileRef = 7C16A2B317A648290055FF8F /* CoreData.framework */; };
		7C16A2BA17A648290055FF8F /* InfoPlist.strings in Resources */ = {isa = PBXBuildFile; fileRef = 7C16A2B817A648290055FF8F /* InfoPlist.strings */; };
		7C16A2BC17A648290055FF8F /* main.m in Sources */ = {isa = PBXBuildFile; fileRef = 7C16A2BB17A648290055FF8F /* main.m */; };
		7C16A2C217A648290055FF8F /* Default.png in Resources */ = {isa = PBXBuildFile; fileRef = 7C16A2C117A648290055FF8F /* Default.png */; };
		7C16A2C417A648290055FF8F /* Default@2x.png in Resources */ = {isa = PBXBuildFile; fileRef = 7C16A2C317A648290055FF8F /* Default@2x.png */; };
		7C16A2C617A648290055FF8F /* Default-568h@2x.png in Resources */ = {isa = PBXBuildFile; fileRef = 7C16A2C517A648290055FF8F /* Default-568h@2x.png */; };
		7C16A2D117A648290055FF8F /* SenTestingKit.framework in Frameworks */ = {isa = PBXBuildFile; fileRef = 7C16A2D017A648290055FF8F /* SenTestingKit.framework */; };
		7C16A2D217A648290055FF8F /* UIKit.framework in Frameworks */ = {isa = PBXBuildFile; fileRef = 7C16A2AD17A648290055FF8F /* UIKit.framework */; };
		7C16A2D317A648290055FF8F /* Foundation.framework in Frameworks */ = {isa = PBXBuildFile; fileRef = 7C16A2AF17A648290055FF8F /* Foundation.framework */; };
		7C16A2D417A648290055FF8F /* CoreData.framework in Frameworks */ = {isa = PBXBuildFile; fileRef = 7C16A2B317A648290055FF8F /* CoreData.framework */; };
		7C16A2DC17A648290055FF8F /* InfoPlist.strings in Resources */ = {isa = PBXBuildFile; fileRef = 7C16A2DA17A648290055FF8F /* InfoPlist.strings */; };
		7C16A2DF17A648290055FF8F /* clickavia_iphoneTests.m in Sources */ = {isa = PBXBuildFile; fileRef = 7C16A2DE17A648290055FF8F /* clickavia_iphoneTests.m */; };
		7C16A30F17A67B490055FF8F /* QuartzCore.framework in Frameworks */ = {isa = PBXBuildFile; fileRef = 7C16A30E17A67B490055FF8F /* QuartzCore.framework */; };
		7C16A31517A67BF00055FF8F /* CASpecialOffersViewController.m in Sources */ = {isa = PBXBuildFile; fileRef = 7C16A31317A67BF00055FF8F /* CASpecialOffersViewController.m */; };
		7C16A31617A67BF00055FF8F /* CASpecialOffersViewController.xib in Resources */ = {isa = PBXBuildFile; fileRef = 7C16A31417A67BF00055FF8F /* CASpecialOffersViewController.xib */; };
		7C16A31917A687840055FF8F /* CASpecialOfferCell.m in Sources */ = {isa = PBXBuildFile; fileRef = 7C16A31817A687840055FF8F /* CASpecialOfferCell.m */; };
		7C16A31B17A687A30055FF8F /* CASpecialOfferCell.xib in Resources */ = {isa = PBXBuildFile; fileRef = 7C16A31A17A687A30055FF8F /* CASpecialOfferCell.xib */; };
		7CC150C517C5D50F00796B50 /* MainScreenViewController.m in Sources */ = {isa = PBXBuildFile; fileRef = 7CC150C317C5D50F00796B50 /* MainScreenViewController.m */; };
		7CC150C617C5D50F00796B50 /* MainScreenViewController.xib in Resources */ = {isa = PBXBuildFile; fileRef = 7CC150C417C5D50F00796B50 /* MainScreenViewController.xib */; };
		7CC150C917C5D6A100796B50 /* CACalendarMockDates.m in Sources */ = {isa = PBXBuildFile; fileRef = 7CC150C817C5D6A100796B50 /* CACalendarMockDates.m */; };
		7CC150CD17C5DDB100796B50 /* ChatViewController.m in Sources */ = {isa = PBXBuildFile; fileRef = 7CC150CC17C5DDB100796B50 /* ChatViewController.m */; };
		7CC7D33617A78B5300940C94 /* CAOffersListViewController.m in Sources */ = {isa = PBXBuildFile; fileRef = 7CC7D33417A78B5300940C94 /* CAOffersListViewController.m */; };
		7CC7D33717A78B5300940C94 /* CAOffersListViewController.xib in Resources */ = {isa = PBXBuildFile; fileRef = 7CC7D33517A78B5300940C94 /* CAOffersListViewController.xib */; };
		7CC7D35717A7CB2F00940C94 /* CAOfferCell.m in Sources */ = {isa = PBXBuildFile; fileRef = 7CC7D35617A7CB2E00940C94 /* CAOfferCell.m */; };
		7CE49F2417C4A99100F3EA0C /* clickavia_iphone.xcdatamodeld in Sources */ = {isa = PBXBuildFile; fileRef = 7CE49F2217C4A99100F3EA0C /* clickavia_iphone.xcdatamodeld */; };
		7CE49F2817C4A9D700F3EA0C /* CAAppDelegate.m in Sources */ = {isa = PBXBuildFile; fileRef = 7CE49F2717C4A9D700F3EA0C /* CAAppDelegate.m */; };
/* End PBXBuildFile section */

/* Begin PBXContainerItemProxy section */
		7C16A2D517A648290055FF8F /* PBXContainerItemProxy */ = {
			isa = PBXContainerItemProxy;
			containerPortal = 7C16A2A217A648290055FF8F /* Project object */;
			proxyType = 1;
			remoteGlobalIDString = 7C16A2A917A648290055FF8F;
			remoteInfo = "clickavia-iphone";
		};
/* End PBXContainerItemProxy section */

/* Begin PBXFileReference section */
		7C16A2AA17A648290055FF8F /* clickavia-iphone.app */ = {isa = PBXFileReference; explicitFileType = wrapper.application; includeInIndex = 0; path = "clickavia-iphone.app"; sourceTree = BUILT_PRODUCTS_DIR; };
		7C16A2AD17A648290055FF8F /* UIKit.framework */ = {isa = PBXFileReference; lastKnownFileType = wrapper.framework; name = UIKit.framework; path = System/Library/Frameworks/UIKit.framework; sourceTree = SDKROOT; };
		7C16A2AF17A648290055FF8F /* Foundation.framework */ = {isa = PBXFileReference; lastKnownFileType = wrapper.framework; name = Foundation.framework; path = System/Library/Frameworks/Foundation.framework; sourceTree = SDKROOT; };
		7C16A2B117A648290055FF8F /* CoreGraphics.framework */ = {isa = PBXFileReference; lastKnownFileType = wrapper.framework; name = CoreGraphics.framework; path = System/Library/Frameworks/CoreGraphics.framework; sourceTree = SDKROOT; };
		7C16A2B317A648290055FF8F /* CoreData.framework */ = {isa = PBXFileReference; lastKnownFileType = wrapper.framework; name = CoreData.framework; path = System/Library/Frameworks/CoreData.framework; sourceTree = SDKROOT; };
		7C16A2B717A648290055FF8F /* clickavia-iphone-Info.plist */ = {isa = PBXFileReference; lastKnownFileType = text.plist.xml; path = "clickavia-iphone-Info.plist"; sourceTree = "<group>"; };
		7C16A2B917A648290055FF8F /* en */ = {isa = PBXFileReference; lastKnownFileType = text.plist.strings; name = en; path = en.lproj/InfoPlist.strings; sourceTree = "<group>"; };
		7C16A2BB17A648290055FF8F /* main.m */ = {isa = PBXFileReference; lastKnownFileType = sourcecode.c.objc; path = main.m; sourceTree = "<group>"; };
		7C16A2BD17A648290055FF8F /* clickavia-iphone-Prefix.pch */ = {isa = PBXFileReference; lastKnownFileType = sourcecode.c.h; path = "clickavia-iphone-Prefix.pch"; sourceTree = "<group>"; };
		7C16A2C117A648290055FF8F /* Default.png */ = {isa = PBXFileReference; lastKnownFileType = image.png; path = Default.png; sourceTree = "<group>"; };
		7C16A2C317A648290055FF8F /* Default@2x.png */ = {isa = PBXFileReference; lastKnownFileType = image.png; path = "Default@2x.png"; sourceTree = "<group>"; };
		7C16A2C517A648290055FF8F /* Default-568h@2x.png */ = {isa = PBXFileReference; lastKnownFileType = image.png; path = "Default-568h@2x.png"; sourceTree = "<group>"; };
		7C16A2CF17A648290055FF8F /* clickavia-iphoneTests.octest */ = {isa = PBXFileReference; explicitFileType = wrapper.cfbundle; includeInIndex = 0; path = "clickavia-iphoneTests.octest"; sourceTree = BUILT_PRODUCTS_DIR; };
		7C16A2D017A648290055FF8F /* SenTestingKit.framework */ = {isa = PBXFileReference; lastKnownFileType = wrapper.framework; name = SenTestingKit.framework; path = Library/Frameworks/SenTestingKit.framework; sourceTree = DEVELOPER_DIR; };
		7C16A2D917A648290055FF8F /* clickavia-iphoneTests-Info.plist */ = {isa = PBXFileReference; lastKnownFileType = text.plist.xml; path = "clickavia-iphoneTests-Info.plist"; sourceTree = "<group>"; };
		7C16A2DB17A648290055FF8F /* en */ = {isa = PBXFileReference; lastKnownFileType = text.plist.strings; name = en; path = en.lproj/InfoPlist.strings; sourceTree = "<group>"; };
		7C16A2DD17A648290055FF8F /* clickavia_iphoneTests.h */ = {isa = PBXFileReference; lastKnownFileType = sourcecode.c.h; path = clickavia_iphoneTests.h; sourceTree = "<group>"; };
		7C16A2DE17A648290055FF8F /* clickavia_iphoneTests.m */ = {isa = PBXFileReference; lastKnownFileType = sourcecode.c.objc; path = clickavia_iphoneTests.m; sourceTree = "<group>"; };
		7C16A30E17A67B490055FF8F /* QuartzCore.framework */ = {isa = PBXFileReference; lastKnownFileType = wrapper.framework; name = QuartzCore.framework; path = System/Library/Frameworks/QuartzCore.framework; sourceTree = SDKROOT; };
		7C16A31217A67BF00055FF8F /* CASpecialOffersViewController.h */ = {isa = PBXFileReference; fileEncoding = 4; lastKnownFileType = sourcecode.c.h; path = CASpecialOffersViewController.h; sourceTree = "<group>"; };
		7C16A31317A67BF00055FF8F /* CASpecialOffersViewController.m */ = {isa = PBXFileReference; fileEncoding = 4; lastKnownFileType = sourcecode.c.objc; path = CASpecialOffersViewController.m; sourceTree = "<group>"; };
		7C16A31417A67BF00055FF8F /* CASpecialOffersViewController.xib */ = {isa = PBXFileReference; fileEncoding = 4; lastKnownFileType = file.xib; path = CASpecialOffersViewController.xib; sourceTree = "<group>"; };
		7C16A31717A687840055FF8F /* CASpecialOfferCell.h */ = {isa = PBXFileReference; fileEncoding = 4; lastKnownFileType = sourcecode.c.h; name = CASpecialOfferCell.h; path = "../../../../../../../denisdbv/Documents/ClickDev/clickavia-iphone/clickavia-iphone/Controllers/SpecialOfferViewController/CASpecialOfferCell.h"; sourceTree = "<group>"; };
		7C16A31817A687840055FF8F /* CASpecialOfferCell.m */ = {isa = PBXFileReference; fileEncoding = 4; lastKnownFileType = sourcecode.c.objc; name = CASpecialOfferCell.m; path = "../../../../../../../denisdbv/Documents/ClickDev/clickavia-iphone/clickavia-iphone/Controllers/SpecialOfferViewController/CASpecialOfferCell.m"; sourceTree = "<group>"; };
		7C16A31A17A687A30055FF8F /* CASpecialOfferCell.xib */ = {isa = PBXFileReference; fileEncoding = 4; lastKnownFileType = file.xib; name = CASpecialOfferCell.xib; path = "../../../../../../../denisdbv/Documents/ClickDev/clickavia-iphone/clickavia-iphone/Controllers/SpecialOfferViewController/CASpecialOfferCell.xib"; sourceTree = "<group>"; };
		7CC150C217C5D50F00796B50 /* MainScreenViewController.h */ = {isa = PBXFileReference; fileEncoding = 4; lastKnownFileType = sourcecode.c.h; path = MainScreenViewController.h; sourceTree = "<group>"; };
		7CC150C317C5D50F00796B50 /* MainScreenViewController.m */ = {isa = PBXFileReference; fileEncoding = 4; lastKnownFileType = sourcecode.c.objc; path = MainScreenViewController.m; sourceTree = "<group>"; };
		7CC150C417C5D50F00796B50 /* MainScreenViewController.xib */ = {isa = PBXFileReference; fileEncoding = 4; lastKnownFileType = file.xib; path = MainScreenViewController.xib; sourceTree = "<group>"; };
		7CC150C717C5D6A100796B50 /* CACalendarMockDates.h */ = {isa = PBXFileReference; fileEncoding = 4; lastKnownFileType = sourcecode.c.h; path = CACalendarMockDates.h; sourceTree = "<group>"; };
		7CC150C817C5D6A100796B50 /* CACalendarMockDates.m */ = {isa = PBXFileReference; fileEncoding = 4; lastKnownFileType = sourcecode.c.objc; path = CACalendarMockDates.m; sourceTree = "<group>"; };
		7CC150CB17C5DDB100796B50 /* ChatViewController.h */ = {isa = PBXFileReference; fileEncoding = 4; lastKnownFileType = sourcecode.c.h; path = ChatViewController.h; sourceTree = "<group>"; };
		7CC150CC17C5DDB100796B50 /* ChatViewController.m */ = {isa = PBXFileReference; fileEncoding = 4; lastKnownFileType = sourcecode.c.objc; path = ChatViewController.m; sourceTree = "<group>"; };
		7CC7D33317A78B5300940C94 /* CAOffersListViewController.h */ = {isa = PBXFileReference; fileEncoding = 4; lastKnownFileType = sourcecode.c.h; path = CAOffersListViewController.h; sourceTree = "<group>"; };
		7CC7D33417A78B5300940C94 /* CAOffersListViewController.m */ = {isa = PBXFileReference; fileEncoding = 4; lastKnownFileType = sourcecode.c.objc; path = CAOffersListViewController.m; sourceTree = "<group>"; };
		7CC7D33517A78B5300940C94 /* CAOffersListViewController.xib */ = {isa = PBXFileReference; fileEncoding = 4; lastKnownFileType = file.xib; path = CAOffersListViewController.xib; sourceTree = "<group>"; };
		7CC7D35517A7CB2E00940C94 /* CAOfferCell.h */ = {isa = PBXFileReference; fileEncoding = 4; lastKnownFileType = sourcecode.c.h; path = CAOfferCell.h; sourceTree = "<group>"; };
		7CC7D35617A7CB2E00940C94 /* CAOfferCell.m */ = {isa = PBXFileReference; fileEncoding = 4; lastKnownFileType = sourcecode.c.objc; path = CAOfferCell.m; sourceTree = "<group>"; };
		7CE49F2317C4A99100F3EA0C /* clickavia_iphone.xcdatamodel */ = {isa = PBXFileReference; lastKnownFileType = wrapper.xcdatamodel; path = clickavia_iphone.xcdatamodel; sourceTree = "<group>"; };
		7CE49F2617C4A9D700F3EA0C /* CAAppDelegate.h */ = {isa = PBXFileReference; fileEncoding = 4; lastKnownFileType = sourcecode.c.h; path = CAAppDelegate.h; sourceTree = "<group>"; };
		7CE49F2717C4A9D700F3EA0C /* CAAppDelegate.m */ = {isa = PBXFileReference; fileEncoding = 4; lastKnownFileType = sourcecode.c.objc; path = CAAppDelegate.m; sourceTree = "<group>"; };
		BA2E1A6A65D2466D8633684C /* libPods.a */ = {isa = PBXFileReference; explicitFileType = archive.ar; includeInIndex = 0; path = libPods.a; sourceTree = BUILT_PRODUCTS_DIR; };
		C5F76D61C419488D984C2542 /* Pods.xcconfig */ = {isa = PBXFileReference; includeInIndex = 1; lastKnownFileType = text.xcconfig; name = Pods.xcconfig; path = Pods/Pods.xcconfig; sourceTree = SOURCE_ROOT; };
/* End PBXFileReference section */

/* Begin PBXFrameworksBuildPhase section */
		7C16A2A717A648290055FF8F /* Frameworks */ = {
			isa = PBXFrameworksBuildPhase;
			buildActionMask = 2147483647;
			files = (
				7C16A30F17A67B490055FF8F /* QuartzCore.framework in Frameworks */,
				7C16A2AE17A648290055FF8F /* UIKit.framework in Frameworks */,
				7C16A2B017A648290055FF8F /* Foundation.framework in Frameworks */,
				7C16A2B217A648290055FF8F /* CoreGraphics.framework in Frameworks */,
				7C16A2B417A648290055FF8F /* CoreData.framework in Frameworks */,
				4EFF6411187D4914AD49B6AB /* libPods.a in Frameworks */,
			);
			runOnlyForDeploymentPostprocessing = 0;
		};
		7C16A2CB17A648290055FF8F /* Frameworks */ = {
			isa = PBXFrameworksBuildPhase;
			buildActionMask = 2147483647;
			files = (
				7C16A2D117A648290055FF8F /* SenTestingKit.framework in Frameworks */,
				7C16A2D217A648290055FF8F /* UIKit.framework in Frameworks */,
				7C16A2D317A648290055FF8F /* Foundation.framework in Frameworks */,
				7C16A2D417A648290055FF8F /* CoreData.framework in Frameworks */,
			);
			runOnlyForDeploymentPostprocessing = 0;
		};
/* End PBXFrameworksBuildPhase section */

/* Begin PBXGroup section */
		7C16A2A117A648290055FF8F = {
			isa = PBXGroup;
			children = (
				7CE49F2217C4A99100F3EA0C /* clickavia_iphone.xcdatamodeld */,
				7C16A30E17A67B490055FF8F /* QuartzCore.framework */,
				7C16A2B517A648290055FF8F /* clickavia-iphone */,
				7C16A2D717A648290055FF8F /* clickavia-iphoneTests */,
				7C16A2AC17A648290055FF8F /* Frameworks */,
				7C16A2AB17A648290055FF8F /* Products */,
				C5F76D61C419488D984C2542 /* Pods.xcconfig */,
			);
			sourceTree = "<group>";
		};
		7C16A2AB17A648290055FF8F /* Products */ = {
			isa = PBXGroup;
			children = (
				7C16A2AA17A648290055FF8F /* clickavia-iphone.app */,
				7C16A2CF17A648290055FF8F /* clickavia-iphoneTests.octest */,
			);
			name = Products;
			sourceTree = "<group>";
		};
		7C16A2AC17A648290055FF8F /* Frameworks */ = {
			isa = PBXGroup;
			children = (
				7C16A2AD17A648290055FF8F /* UIKit.framework */,
				7C16A2AF17A648290055FF8F /* Foundation.framework */,
				7C16A2B117A648290055FF8F /* CoreGraphics.framework */,
				7C16A2B317A648290055FF8F /* CoreData.framework */,
				7C16A2D017A648290055FF8F /* SenTestingKit.framework */,
				BA2E1A6A65D2466D8633684C /* libPods.a */,
			);
			name = Frameworks;
			sourceTree = "<group>";
		};
		7C16A2B517A648290055FF8F /* clickavia-iphone */ = {
			isa = PBXGroup;
			children = (
				7CE49F2517C4A9D700F3EA0C /* Application */,
				7C16A2E917A648B20055FF8F /* Controllers */,
				7C16A2EA17A648B20055FF8F /* Resources */,
				7C16A2EB17A648B20055FF8F /* Views */,
				7C16A2EF17A64A3B0055FF8F /* Model */,
				7C16A2B617A648290055FF8F /* Supporting Files */,
			);
			path = "clickavia-iphone";
			sourceTree = "<group>";
		};
		7C16A2B617A648290055FF8F /* Supporting Files */ = {
			isa = PBXGroup;
			children = (
				7C16A2B717A648290055FF8F /* clickavia-iphone-Info.plist */,
				7C16A2B817A648290055FF8F /* InfoPlist.strings */,
				7C16A2BB17A648290055FF8F /* main.m */,
				7C16A2BD17A648290055FF8F /* clickavia-iphone-Prefix.pch */,
				7C16A2C117A648290055FF8F /* Default.png */,
				7C16A2C317A648290055FF8F /* Default@2x.png */,
				7C16A2C517A648290055FF8F /* Default-568h@2x.png */,
			);
			name = "Supporting Files";
			sourceTree = "<group>";
		};
		7C16A2D717A648290055FF8F /* clickavia-iphoneTests */ = {
			isa = PBXGroup;
			children = (
				7C16A2DD17A648290055FF8F /* clickavia_iphoneTests.h */,
				7C16A2DE17A648290055FF8F /* clickavia_iphoneTests.m */,
				7C16A2D817A648290055FF8F /* Supporting Files */,
			);
			path = "clickavia-iphoneTests";
			sourceTree = "<group>";
		};
		7C16A2D817A648290055FF8F /* Supporting Files */ = {
			isa = PBXGroup;
			children = (
				7C16A2D917A648290055FF8F /* clickavia-iphoneTests-Info.plist */,
				7C16A2DA17A648290055FF8F /* InfoPlist.strings */,
			);
			name = "Supporting Files";
			sourceTree = "<group>";
		};
		7C16A2E917A648B20055FF8F /* Controllers */ = {
			isa = PBXGroup;
			children = (
				7CC150CA17C5DD9300796B50 /* ChatViewController */,
				7CC150C117C5D4DE00796B50 /* MainScreenViewController */,
				7CC7D33217A78B3400940C94 /* OffersListViewController */,
				7C16A31117A67BD50055FF8F /* SpecialOfferViewController */,
			);
			path = Controllers;
			sourceTree = "<group>";
		};
		7C16A2EA17A648B20055FF8F /* Resources */ = {
			isa = PBXGroup;
			children = (
			);
			path = Resources;
			sourceTree = "<group>";
		};
		7C16A2EB17A648B20055FF8F /* Views */ = {
			isa = PBXGroup;
			children = (
			);
			path = Views;
			sourceTree = "<group>";
		};
		7C16A2EF17A64A3B0055FF8F /* Model */ = {
			isa = PBXGroup;
			children = (
			);
			path = Model;
			sourceTree = "<group>";
		};
		7C16A31117A67BD50055FF8F /* SpecialOfferViewController */ = {
			isa = PBXGroup;
			children = (
				7C16A31217A67BF00055FF8F /* CASpecialOffersViewController.h */,
				7C16A31317A67BF00055FF8F /* CASpecialOffersViewController.m */,
				7C16A31417A67BF00055FF8F /* CASpecialOffersViewController.xib */,
				7C16A31717A687840055FF8F /* CASpecialOfferCell.h */,
				7C16A31817A687840055FF8F /* CASpecialOfferCell.m */,
				7C16A31A17A687A30055FF8F /* CASpecialOfferCell.xib */,
			);
			path = SpecialOfferViewController;
			sourceTree = "<group>";
		};
		7CC150C117C5D4DE00796B50 /* MainScreenViewController */ = {
			isa = PBXGroup;
			children = (
				7CC150C217C5D50F00796B50 /* MainScreenViewController.h */,
				7CC150C317C5D50F00796B50 /* MainScreenViewController.m */,
				7CC150C417C5D50F00796B50 /* MainScreenViewController.xib */,
				7CC150C717C5D6A100796B50 /* CACalendarMockDates.h */,
				7CC150C817C5D6A100796B50 /* CACalendarMockDates.m */,
			);
			name = MainScreenViewController;
			path = "../../../../../../denisdbv/Documents/ClickDev/Clickavia-iphone/clickavia-iphone/Controllers/MainScreenViewController";
			sourceTree = "<group>";
		};
		7CC150CA17C5DD9300796B50 /* ChatViewController */ = {
			isa = PBXGroup;
			children = (
				7CC150CB17C5DDB100796B50 /* ChatViewController.h */,
				7CC150CC17C5DDB100796B50 /* ChatViewController.m */,
			);
			name = ChatViewController;
			path = "../../../../../../denisdbv/Documents/ClickDev/Clickavia-iphone/clickavia-iphone/Controllers/ChatViewController";
			sourceTree = "<group>";
		};
		7CC7D33217A78B3400940C94 /* OffersListViewController */ = {
			isa = PBXGroup;
			children = (
				7CC7D33317A78B5300940C94 /* CAOffersListViewController.h */,
				7CC7D33417A78B5300940C94 /* CAOffersListViewController.m */,
				7CC7D33517A78B5300940C94 /* CAOffersListViewController.xib */,
				7CC7D35517A7CB2E00940C94 /* CAOfferCell.h */,
				7CC7D35617A7CB2E00940C94 /* CAOfferCell.m */,
			);
			name = OffersListViewController;
			path = "../../../../../../denisdbv/Documents/ClickDev/clickavia-iphone/clickavia-iphone/Controllers/OffersListViewController";
			sourceTree = "<group>";
		};
		7CE49F2517C4A9D700F3EA0C /* Application */ = {
			isa = PBXGroup;
			children = (
				7CE49F2617C4A9D700F3EA0C /* CAAppDelegate.h */,
				7CE49F2717C4A9D700F3EA0C /* CAAppDelegate.m */,
			);
			name = Application;
			path = "../../../../../denisdbv/Documents/ClickDev/Clickavia-iphone/clickavia-iphone/Application";
			sourceTree = "<group>";
		};
/* End PBXGroup section */

/* Begin PBXNativeTarget section */
		7C16A2A917A648290055FF8F /* clickavia-iphone */ = {
			isa = PBXNativeTarget;
			buildConfigurationList = 7C16A2E217A648290055FF8F /* Build configuration list for PBXNativeTarget "clickavia-iphone" */;
			buildPhases = (
				50613A499998436B9548DF0D /* Check Pods Manifest.lock */,
				7C16A2A617A648290055FF8F /* Sources */,
				7C16A2A717A648290055FF8F /* Frameworks */,
				7C16A2A817A648290055FF8F /* Resources */,
				565F7F45350348D6AC37A86B /* Copy Pods Resources */,
			);
			buildRules = (
			);
			dependencies = (
			);
			name = "clickavia-iphone";
			productName = "clickavia-iphone";
			productReference = 7C16A2AA17A648290055FF8F /* clickavia-iphone.app */;
			productType = "com.apple.product-type.application";
		};
		7C16A2CE17A648290055FF8F /* clickavia-iphoneTests */ = {
			isa = PBXNativeTarget;
			buildConfigurationList = 7C16A2E517A648290055FF8F /* Build configuration list for PBXNativeTarget "clickavia-iphoneTests" */;
			buildPhases = (
				7C16A2CA17A648290055FF8F /* Sources */,
				7C16A2CB17A648290055FF8F /* Frameworks */,
				7C16A2CC17A648290055FF8F /* Resources */,
				7C16A2CD17A648290055FF8F /* ShellScript */,
			);
			buildRules = (
			);
			dependencies = (
				7C16A2D617A648290055FF8F /* PBXTargetDependency */,
			);
			name = "clickavia-iphoneTests";
			productName = "clickavia-iphoneTests";
			productReference = 7C16A2CF17A648290055FF8F /* clickavia-iphoneTests.octest */;
			productType = "com.apple.product-type.bundle";
		};
/* End PBXNativeTarget section */

/* Begin PBXProject section */
		7C16A2A217A648290055FF8F /* Project object */ = {
			isa = PBXProject;
			attributes = {
				CLASSPREFIX = CA;
				LastUpgradeCheck = 0460;
				ORGANIZATIONNAME = brandymint;
			};
			buildConfigurationList = 7C16A2A517A648290055FF8F /* Build configuration list for PBXProject "clickavia-iphone" */;
			compatibilityVersion = "Xcode 3.2";
			developmentRegion = English;
			hasScannedForEncodings = 0;
			knownRegions = (
				en,
			);
			mainGroup = 7C16A2A117A648290055FF8F;
			productRefGroup = 7C16A2AB17A648290055FF8F /* Products */;
			projectDirPath = "";
			projectRoot = "";
			targets = (
				7C16A2A917A648290055FF8F /* clickavia-iphone */,
				7C16A2CE17A648290055FF8F /* clickavia-iphoneTests */,
			);
		};
/* End PBXProject section */

/* Begin PBXResourcesBuildPhase section */
		7C16A2A817A648290055FF8F /* Resources */ = {
			isa = PBXResourcesBuildPhase;
			buildActionMask = 2147483647;
			files = (
				7C16A2BA17A648290055FF8F /* InfoPlist.strings in Resources */,
				7C16A2C217A648290055FF8F /* Default.png in Resources */,
				7C16A2C417A648290055FF8F /* Default@2x.png in Resources */,
				7C16A2C617A648290055FF8F /* Default-568h@2x.png in Resources */,
				7C16A31617A67BF00055FF8F /* CASpecialOffersViewController.xib in Resources */,
				7C16A31B17A687A30055FF8F /* CASpecialOfferCell.xib in Resources */,
				7CC7D33717A78B5300940C94 /* CAOffersListViewController.xib in Resources */,
				7CC150C617C5D50F00796B50 /* MainScreenViewController.xib in Resources */,
			);
			runOnlyForDeploymentPostprocessing = 0;
		};
		7C16A2CC17A648290055FF8F /* Resources */ = {
			isa = PBXResourcesBuildPhase;
			buildActionMask = 2147483647;
			files = (
				7C16A2DC17A648290055FF8F /* InfoPlist.strings in Resources */,
			);
			runOnlyForDeploymentPostprocessing = 0;
		};
/* End PBXResourcesBuildPhase section */

/* Begin PBXShellScriptBuildPhase section */
		50613A499998436B9548DF0D /* Check Pods Manifest.lock */ = {
			isa = PBXShellScriptBuildPhase;
			buildActionMask = 2147483647;
			files = (
			);
			inputPaths = (
			);
			name = "Check Pods Manifest.lock";
			outputPaths = (
			);
			runOnlyForDeploymentPostprocessing = 0;
			shellPath = /bin/sh;
			shellScript = "diff \"${PODS_ROOT}/../Podfile.lock\" \"${PODS_ROOT}/Manifest.lock\" > /dev/null\nif [[ $? != 0 ]] ; then\n    cat << EOM\nerror: The sandbox is not in sync with the Podfile.lock. Run 'pod install' or update your CocoaPods installation.\nEOM\n    exit 1\nfi\n";
		};
		565F7F45350348D6AC37A86B /* Copy Pods Resources */ = {
			isa = PBXShellScriptBuildPhase;
			buildActionMask = 2147483647;
			files = (
			);
			inputPaths = (
			);
			name = "Copy Pods Resources";
			outputPaths = (
			);
			runOnlyForDeploymentPostprocessing = 0;
			shellPath = /bin/sh;
			shellScript = "\"${SRCROOT}/Pods/Pods-resources.sh\"\n";
		};
		7C16A2CD17A648290055FF8F /* ShellScript */ = {
			isa = PBXShellScriptBuildPhase;
			buildActionMask = 2147483647;
			files = (
			);
			inputPaths = (
			);
			outputPaths = (
			);
			runOnlyForDeploymentPostprocessing = 0;
			shellPath = /bin/sh;
			shellScript = "# Run the unit tests in this test bundle.\n\"${SYSTEM_DEVELOPER_DIR}/Tools/RunUnitTests\"\n";
		};
/* End PBXShellScriptBuildPhase section */

/* Begin PBXSourcesBuildPhase section */
		7C16A2A617A648290055FF8F /* Sources */ = {
			isa = PBXSourcesBuildPhase;
			buildActionMask = 2147483647;
			files = (
				7CE49F2417C4A99100F3EA0C /* clickavia_iphone.xcdatamodeld in Sources */,
				7C16A2BC17A648290055FF8F /* main.m in Sources */,
				7C16A31517A67BF00055FF8F /* CASpecialOffersViewController.m in Sources */,
				7C16A31917A687840055FF8F /* CASpecialOfferCell.m in Sources */,
				7CC7D33617A78B5300940C94 /* CAOffersListViewController.m in Sources */,
				7CC7D35717A7CB2F00940C94 /* CAOfferCell.m in Sources */,
				7CE49F2817C4A9D700F3EA0C /* CAAppDelegate.m in Sources */,
				7CC150C517C5D50F00796B50 /* MainScreenViewController.m in Sources */,
				7CC150C917C5D6A100796B50 /* CACalendarMockDates.m in Sources */,
				7CC150CD17C5DDB100796B50 /* ChatViewController.m in Sources */,
			);
			runOnlyForDeploymentPostprocessing = 0;
		};
		7C16A2CA17A648290055FF8F /* Sources */ = {
			isa = PBXSourcesBuildPhase;
			buildActionMask = 2147483647;
			files = (
				7C16A2DF17A648290055FF8F /* clickavia_iphoneTests.m in Sources */,
			);
			runOnlyForDeploymentPostprocessing = 0;
		};
/* End PBXSourcesBuildPhase section */

/* Begin PBXTargetDependency section */
		7C16A2D617A648290055FF8F /* PBXTargetDependency */ = {
			isa = PBXTargetDependency;
			target = 7C16A2A917A648290055FF8F /* clickavia-iphone */;
			targetProxy = 7C16A2D517A648290055FF8F /* PBXContainerItemProxy */;
		};
/* End PBXTargetDependency section */

/* Begin PBXVariantGroup section */
		7C16A2B817A648290055FF8F /* InfoPlist.strings */ = {
			isa = PBXVariantGroup;
			children = (
				7C16A2B917A648290055FF8F /* en */,
			);
			name = InfoPlist.strings;
			sourceTree = "<group>";
		};
		7C16A2DA17A648290055FF8F /* InfoPlist.strings */ = {
			isa = PBXVariantGroup;
			children = (
				7C16A2DB17A648290055FF8F /* en */,
			);
			name = InfoPlist.strings;
			sourceTree = "<group>";
		};
/* End PBXVariantGroup section */

/* Begin XCBuildConfiguration section */
		7C16A2E017A648290055FF8F /* Debug */ = {
			isa = XCBuildConfiguration;
			buildSettings = {
				ALWAYS_SEARCH_USER_PATHS = NO;
				CLANG_CXX_LANGUAGE_STANDARD = "gnu++0x";
				CLANG_CXX_LIBRARY = "libc++";
				CLANG_ENABLE_OBJC_ARC = YES;
				CLANG_WARN_CONSTANT_CONVERSION = YES;
				CLANG_WARN_EMPTY_BODY = YES;
				CLANG_WARN_ENUM_CONVERSION = YES;
				CLANG_WARN_INT_CONVERSION = YES;
				CLANG_WARN__DUPLICATE_METHOD_MATCH = YES;
				"CODE_SIGN_IDENTITY[sdk=iphoneos*]" = "iPhone Developer";
				COPY_PHASE_STRIP = NO;
				GCC_C_LANGUAGE_STANDARD = gnu99;
				GCC_DYNAMIC_NO_PIC = NO;
				GCC_OPTIMIZATION_LEVEL = 0;
				GCC_PREPROCESSOR_DEFINITIONS = (
					"DEBUG=1",
					"$(inherited)",
				);
				GCC_SYMBOLS_PRIVATE_EXTERN = NO;
				GCC_WARN_ABOUT_RETURN_TYPE = YES;
				GCC_WARN_UNINITIALIZED_AUTOS = YES;
				GCC_WARN_UNUSED_VARIABLE = YES;
				IPHONEOS_DEPLOYMENT_TARGET = 6.1;
				ONLY_ACTIVE_ARCH = YES;
				SDKROOT = iphoneos;
			};
			name = Debug;
		};
		7C16A2E117A648290055FF8F /* Release */ = {
			isa = XCBuildConfiguration;
			buildSettings = {
				ALWAYS_SEARCH_USER_PATHS = NO;
				CLANG_CXX_LANGUAGE_STANDARD = "gnu++0x";
				CLANG_CXX_LIBRARY = "libc++";
				CLANG_ENABLE_OBJC_ARC = YES;
				CLANG_WARN_CONSTANT_CONVERSION = YES;
				CLANG_WARN_EMPTY_BODY = YES;
				CLANG_WARN_ENUM_CONVERSION = YES;
				CLANG_WARN_INT_CONVERSION = YES;
				CLANG_WARN__DUPLICATE_METHOD_MATCH = YES;
				"CODE_SIGN_IDENTITY[sdk=iphoneos*]" = "iPhone Developer";
				COPY_PHASE_STRIP = YES;
				GCC_C_LANGUAGE_STANDARD = gnu99;
				GCC_WARN_ABOUT_RETURN_TYPE = YES;
				GCC_WARN_UNINITIALIZED_AUTOS = YES;
				GCC_WARN_UNUSED_VARIABLE = YES;
				IPHONEOS_DEPLOYMENT_TARGET = 6.1;
				OTHER_CFLAGS = "-DNS_BLOCK_ASSERTIONS=1";
				SDKROOT = iphoneos;
				VALIDATE_PRODUCT = YES;
			};
			name = Release;
		};
		7C16A2E317A648290055FF8F /* Debug */ = {
			isa = XCBuildConfiguration;
			baseConfigurationReference = C5F76D61C419488D984C2542 /* Pods.xcconfig */;
			buildSettings = {
				ARCHS = "$(ARCHS_STANDARD_32_BIT)";
				CODE_SIGN_IDENTITY = "iPhone Developer: Denis Dubov (DVLA4WK9D2)";
				GCC_PRECOMPILE_PREFIX_HEADER = YES;
				GCC_PREFIX_HEADER = "clickavia-iphone/clickavia-iphone-Prefix.pch";
				INFOPLIST_FILE = "clickavia-iphone/clickavia-iphone-Info.plist";
				IPHONEOS_DEPLOYMENT_TARGET = 6.1;
				PRODUCT_NAME = "$(TARGET_NAME)";
				PROVISIONING_PROFILE = "6922374E-2C8B-417A-A2B5-1A2934335619";
				VALID_ARCHS = "armv7 armv7s";
				WRAPPER_EXTENSION = app;
			};
			name = Debug;
		};
		7C16A2E417A648290055FF8F /* Release */ = {
			isa = XCBuildConfiguration;
			baseConfigurationReference = C5F76D61C419488D984C2542 /* Pods.xcconfig */;
			buildSettings = {
				ARCHS = "$(ARCHS_STANDARD_32_BIT)";
				CODE_SIGN_IDENTITY = "iPhone Developer: Denis Dubov (DVLA4WK9D2)";
				GCC_PRECOMPILE_PREFIX_HEADER = YES;
				GCC_PREFIX_HEADER = "clickavia-iphone/clickavia-iphone-Prefix.pch";
				INFOPLIST_FILE = "clickavia-iphone/clickavia-iphone-Info.plist";
				IPHONEOS_DEPLOYMENT_TARGET = 6.1;
				PRODUCT_NAME = "$(TARGET_NAME)";
				PROVISIONING_PROFILE = "6922374E-2C8B-417A-A2B5-1A2934335619";
				VALID_ARCHS = "armv7 armv7s";
				WRAPPER_EXTENSION = app;
			};
			name = Release;
		};
		7C16A2E617A648290055FF8F /* Debug */ = {
			isa = XCBuildConfiguration;
			buildSettings = {
				BUNDLE_LOADER = "$(BUILT_PRODUCTS_DIR)/clickavia-iphone.app/clickavia-iphone";
				FRAMEWORK_SEARCH_PATHS = (
					"\"$(SDKROOT)/Developer/Library/Frameworks\"",
					"\"$(DEVELOPER_LIBRARY_DIR)/Frameworks\"",
				);
				GCC_PRECOMPILE_PREFIX_HEADER = YES;
				GCC_PREFIX_HEADER = "clickavia-iphone/clickavia-iphone-Prefix.pch";
				INFOPLIST_FILE = "clickavia-iphoneTests/clickavia-iphoneTests-Info.plist";
				PRODUCT_NAME = "$(TARGET_NAME)";
				TEST_HOST = "$(BUNDLE_LOADER)";
				WRAPPER_EXTENSION = octest;
			};
			name = Debug;
		};
		7C16A2E717A648290055FF8F /* Release */ = {
			isa = XCBuildConfiguration;
			buildSettings = {
				BUNDLE_LOADER = "$(BUILT_PRODUCTS_DIR)/clickavia-iphone.app/clickavia-iphone";
				FRAMEWORK_SEARCH_PATHS = (
					"\"$(SDKROOT)/Developer/Library/Frameworks\"",
					"\"$(DEVELOPER_LIBRARY_DIR)/Frameworks\"",
				);
				GCC_PRECOMPILE_PREFIX_HEADER = YES;
				GCC_PREFIX_HEADER = "clickavia-iphone/clickavia-iphone-Prefix.pch";
				INFOPLIST_FILE = "clickavia-iphoneTests/clickavia-iphoneTests-Info.plist";
				PRODUCT_NAME = "$(TARGET_NAME)";
				TEST_HOST = "$(BUNDLE_LOADER)";
				WRAPPER_EXTENSION = octest;
			};
			name = Release;
		};
/* End XCBuildConfiguration section */

/* Begin XCConfigurationList section */
		7C16A2A517A648290055FF8F /* Build configuration list for PBXProject "clickavia-iphone" */ = {
			isa = XCConfigurationList;
			buildConfigurations = (
				7C16A2E017A648290055FF8F /* Debug */,
				7C16A2E117A648290055FF8F /* Release */,
			);
			defaultConfigurationIsVisible = 0;
			defaultConfigurationName = Release;
		};
		7C16A2E217A648290055FF8F /* Build configuration list for PBXNativeTarget "clickavia-iphone" */ = {
			isa = XCConfigurationList;
			buildConfigurations = (
				7C16A2E317A648290055FF8F /* Debug */,
				7C16A2E417A648290055FF8F /* Release */,
			);
			defaultConfigurationIsVisible = 0;
			defaultConfigurationName = Release;
		};
		7C16A2E517A648290055FF8F /* Build configuration list for PBXNativeTarget "clickavia-iphoneTests" */ = {
			isa = XCConfigurationList;
			buildConfigurations = (
				7C16A2E617A648290055FF8F /* Debug */,
				7C16A2E717A648290055FF8F /* Release */,
			);
			defaultConfigurationIsVisible = 0;
			defaultConfigurationName = Release;
		};
/* End XCConfigurationList section */

/* Begin XCVersionGroup section */
		7CE49F2217C4A99100F3EA0C /* clickavia_iphone.xcdatamodeld */ = {
			isa = XCVersionGroup;
			children = (
				7CE49F2317C4A99100F3EA0C /* clickavia_iphone.xcdatamodel */,
			);
			currentVersion = 7CE49F2317C4A99100F3EA0C /* clickavia_iphone.xcdatamodel */;
			name = clickavia_iphone.xcdatamodeld;
			path = "../../../../denisdbv/Documents/ClickDev/Clickavia-iphone/clickavia-iphone/clickavia_iphone.xcdatamodeld";
			sourceTree = "<group>";
			versionGroupType = wrapper.xcdatamodel;
		};
/* End XCVersionGroup section */
	};
	rootObject = 7C16A2A217A648290055FF8F /* Project object */;
}
